// !$*UTF8*$!
{
	archiveVersion = 1;
	classes = {
	};
	objectVersion = 46;
	objects = {

/* Begin PBXBuildFile section */
		82BCF4DD1D9123BF00BC4E0F /* Data+Resource.swift in Sources */ = {isa = PBXBuildFile; fileRef = 82BCF4DC1D9123BF00BC4E0F /* Data+Resource.swift */; };
		82BCF4DF1D913EF700BC4E0F /* Models.swift in Sources */ = {isa = PBXBuildFile; fileRef = 82BCF4DE1D913EF700BC4E0F /* Models.swift */; };
		82BCF4E71D9145DE00BC4E0F /* SerializationTests.swift in Sources */ = {isa = PBXBuildFile; fileRef = 82BCF4E61D9145DE00BC4E0F /* SerializationTests.swift */; };
		82BCF4E81D9145DE00BC4E0F /* SerializationTests.swift in Sources */ = {isa = PBXBuildFile; fileRef = 82BCF4E61D9145DE00BC4E0F /* SerializationTests.swift */; };
		82BCF4E91D9145EE00BC4E0F /* Models.swift in Sources */ = {isa = PBXBuildFile; fileRef = 82BCF4DE1D913EF700BC4E0F /* Models.swift */; };
		82BCF4EA1D9145F100BC4E0F /* Data+Resource.swift in Sources */ = {isa = PBXBuildFile; fileRef = 82BCF4DC1D9123BF00BC4E0F /* Data+Resource.swift */; };
		82BCF4F01D91475200BC4E0F /* ManagedStoreTests.swift in Sources */ = {isa = PBXBuildFile; fileRef = 82BCF4EF1D91475200BC4E0F /* ManagedStoreTests.swift */; };
		82BCF4F11D91475200BC4E0F /* ManagedStoreTests.swift in Sources */ = {isa = PBXBuildFile; fileRef = 82BCF4EF1D91475200BC4E0F /* ManagedStoreTests.swift */; };
		B408736D1B5AB6930063F150 /* Groot.framework in Frameworks */ = {isa = PBXBuildFile; fileRef = B40873621B5AB6930063F150 /* Groot.framework */; };
		B408737B1B5AB8350063F150 /* Groot.h in Headers */ = {isa = PBXBuildFile; fileRef = B4DC1AF11AA9CA5E00F67403 /* Groot.h */; settings = {ATTRIBUTES = (Public, ); }; };
		B408737C1B5AB83D0063F150 /* Groot.swift in Sources */ = {isa = PBXBuildFile; fileRef = B4FD30701B569F1A002392F7 /* Groot.swift */; };
		B408737D1B5AB8470063F150 /* GRTError.h in Headers */ = {isa = PBXBuildFile; fileRef = B46200C01B4F07E4003B3B69 /* GRTError.h */; settings = {ATTRIBUTES = (Public, ); }; };
		B408737E1B5AB8470063F150 /* GRTError.m in Sources */ = {isa = PBXBuildFile; fileRef = B46200C11B4F07E4003B3B69 /* GRTError.m */; };
		B408737F1B5AB8470063F150 /* GRTJSONSerialization.h in Headers */ = {isa = PBXBuildFile; fileRef = B4DC1B0A1AA9CAC200F67403 /* GRTJSONSerialization.h */; settings = {ATTRIBUTES = (Public, ); }; };
		B40873801B5AB8470063F150 /* GRTJSONSerialization.m in Sources */ = {isa = PBXBuildFile; fileRef = B4DC1B0B1AA9CAC200F67403 /* GRTJSONSerialization.m */; };
		B40873811B5AB8470063F150 /* GRTManagedStore.h in Headers */ = {isa = PBXBuildFile; fileRef = B4DC1B0C1AA9CAC200F67403 /* GRTManagedStore.h */; settings = {ATTRIBUTES = (Public, ); }; };
		B40873821B5AB8470063F150 /* GRTManagedStore.m in Sources */ = {isa = PBXBuildFile; fileRef = B4DC1B0D1AA9CAC200F67403 /* GRTManagedStore.m */; };
		B40873831B5AB8470063F150 /* NSValueTransformer+Groot.h in Headers */ = {isa = PBXBuildFile; fileRef = B4E72F621B4DB9B300B9EA77 /* NSValueTransformer+Groot.h */; settings = {ATTRIBUTES = (Public, ); }; };
		B40873841B5AB8470063F150 /* NSValueTransformer+Groot.m in Sources */ = {isa = PBXBuildFile; fileRef = B4E72F631B4DB9B300B9EA77 /* NSValueTransformer+Groot.m */; };
		B40873851B5AB8470063F150 /* ValueTransformer+Groot.swift in Sources */ = {isa = PBXBuildFile; fileRef = B4E72F6C1B4DC4D500B9EA77 /* ValueTransformer+Groot.swift */; };
		B40873861B5AB87F0063F150 /* GRTValueTransformer.h in Headers */ = {isa = PBXBuildFile; fileRef = B4E72F5A1B4DB8EF00B9EA77 /* GRTValueTransformer.h */; };
		B40873871B5AB87F0063F150 /* GRTValueTransformer.m in Sources */ = {isa = PBXBuildFile; fileRef = B4E72F5B1B4DB8EF00B9EA77 /* GRTValueTransformer.m */; };
		B40873881B5AB87F0063F150 /* NSPropertyDescription+Groot.h in Headers */ = {isa = PBXBuildFile; fileRef = B4DC1B171AA9CAC200F67403 /* NSPropertyDescription+Groot.h */; };
		B40873891B5AB87F0063F150 /* NSPropertyDescription+Groot.m in Sources */ = {isa = PBXBuildFile; fileRef = B4DC1B181AA9CAC200F67403 /* NSPropertyDescription+Groot.m */; };
		B408738A1B5AB87F0063F150 /* NSAttributeDescription+Groot.h in Headers */ = {isa = PBXBuildFile; fileRef = B4DC1B111AA9CAC200F67403 /* NSAttributeDescription+Groot.h */; };
		B408738B1B5AB87F0063F150 /* NSAttributeDescription+Groot.m in Sources */ = {isa = PBXBuildFile; fileRef = B4DC1B121AA9CAC200F67403 /* NSAttributeDescription+Groot.m */; };
		B408738C1B5AB87F0063F150 /* NSEntityDescription+Groot.h in Headers */ = {isa = PBXBuildFile; fileRef = B4DC1B151AA9CAC200F67403 /* NSEntityDescription+Groot.h */; };
		B408738D1B5AB87F0063F150 /* NSEntityDescription+Groot.m in Sources */ = {isa = PBXBuildFile; fileRef = B4DC1B161AA9CAC200F67403 /* NSEntityDescription+Groot.m */; };
		B408738E1B5AB87F0063F150 /* NSManagedObject+Groot.h in Headers */ = {isa = PBXBuildFile; fileRef = B475B40E1B53FCE1001F29FE /* NSManagedObject+Groot.h */; };
		B408738F1B5AB87F0063F150 /* NSManagedObject+Groot.m in Sources */ = {isa = PBXBuildFile; fileRef = B475B40F1B53FCE1001F29FE /* NSManagedObject+Groot.m */; };
		B40873901B5AB89C0063F150 /* ValueTransformerTests.swift in Sources */ = {isa = PBXBuildFile; fileRef = B4E72F6E1B4DC7DA00B9EA77 /* ValueTransformerTests.swift */; };
		B40873931B5AB8AF0063F150 /* characters.json in Resources */ = {isa = PBXBuildFile; fileRef = B42A1D911B56600000309637 /* characters.json */; };
		B40873941B5AB8AF0063F150 /* characters_update.json in Resources */ = {isa = PBXBuildFile; fileRef = B42A1D921B56600000309637 /* characters_update.json */; };
		B40873951B5AB8AF0063F150 /* container.json in Resources */ = {isa = PBXBuildFile; fileRef = B409C72F1B5979E700C47D48 /* container.json */; };
		B408739C1B5AB8E80063F150 /* Model.xcdatamodeld in Sources */ = {isa = PBXBuildFile; fileRef = B4DC1B2D1AA9CBAD00F67403 /* Model.xcdatamodeld */; };
		B409C7301B5979E700C47D48 /* container.json in Resources */ = {isa = PBXBuildFile; fileRef = B409C72F1B5979E700C47D48 /* container.json */; };
		B42A1D931B56600000309637 /* characters.json in Resources */ = {isa = PBXBuildFile; fileRef = B42A1D911B56600000309637 /* characters.json */; };
		B42A1D941B56600000309637 /* characters_update.json in Resources */ = {isa = PBXBuildFile; fileRef = B42A1D921B56600000309637 /* characters_update.json */; };
		B44B7F5A1B7240FD00490641 /* NSArray+DictionaryTransformer.h in Headers */ = {isa = PBXBuildFile; fileRef = B44B7F581B7240FD00490641 /* NSArray+DictionaryTransformer.h */; };
		B44B7F5B1B7240FD00490641 /* NSArray+DictionaryTransformer.m in Sources */ = {isa = PBXBuildFile; fileRef = B44B7F591B7240FD00490641 /* NSArray+DictionaryTransformer.m */; };
		B44B7F5C1B72441D00490641 /* NSArray+DictionaryTransformer.h in Headers */ = {isa = PBXBuildFile; fileRef = B44B7F581B7240FD00490641 /* NSArray+DictionaryTransformer.h */; };
		B44B7F5D1B7299B800490641 /* NSArray+DictionaryTransformer.m in Sources */ = {isa = PBXBuildFile; fileRef = B44B7F591B7240FD00490641 /* NSArray+DictionaryTransformer.m */; };
		B46200C21B4F07E4003B3B69 /* GRTError.h in Headers */ = {isa = PBXBuildFile; fileRef = B46200C01B4F07E4003B3B69 /* GRTError.h */; settings = {ATTRIBUTES = (Public, ); }; };
		B46200C31B4F07E4003B3B69 /* GRTError.m in Sources */ = {isa = PBXBuildFile; fileRef = B46200C11B4F07E4003B3B69 /* GRTError.m */; };
		B475B4101B53FCE1001F29FE /* NSManagedObject+Groot.h in Headers */ = {isa = PBXBuildFile; fileRef = B475B40E1B53FCE1001F29FE /* NSManagedObject+Groot.h */; };
		B475B4111B53FCE1001F29FE /* NSManagedObject+Groot.m in Sources */ = {isa = PBXBuildFile; fileRef = B475B40F1B53FCE1001F29FE /* NSManagedObject+Groot.m */; };
		B4944D121B83303B00EA2D29 /* GRTInsertSerializationStrategy.h in Headers */ = {isa = PBXBuildFile; fileRef = B4944D101B83303B00EA2D29 /* GRTInsertSerializationStrategy.h */; };
		B4944D131B83303B00EA2D29 /* GRTInsertSerializationStrategy.m in Sources */ = {isa = PBXBuildFile; fileRef = B4944D111B83303B00EA2D29 /* GRTInsertSerializationStrategy.m */; };
		B4944D141B83305300EA2D29 /* GRTInsertSerializationStrategy.h in Headers */ = {isa = PBXBuildFile; fileRef = B4944D101B83303B00EA2D29 /* GRTInsertSerializationStrategy.h */; };
		B4944D151B83305600EA2D29 /* GRTInsertSerializationStrategy.m in Sources */ = {isa = PBXBuildFile; fileRef = B4944D111B83303B00EA2D29 /* GRTInsertSerializationStrategy.m */; };
		B4944D181B83320000EA2D29 /* GRTUniquingSerializationStrategy.h in Headers */ = {isa = PBXBuildFile; fileRef = B4944D161B83320000EA2D29 /* GRTUniquingSerializationStrategy.h */; };
		B4944D191B83320000EA2D29 /* GRTUniquingSerializationStrategy.h in Headers */ = {isa = PBXBuildFile; fileRef = B4944D161B83320000EA2D29 /* GRTUniquingSerializationStrategy.h */; };
		B4944D1A1B83320000EA2D29 /* GRTUniquingSerializationStrategy.m in Sources */ = {isa = PBXBuildFile; fileRef = B4944D171B83320000EA2D29 /* GRTUniquingSerializationStrategy.m */; };
		B4944D1B1B83320000EA2D29 /* GRTUniquingSerializationStrategy.m in Sources */ = {isa = PBXBuildFile; fileRef = B4944D171B83320000EA2D29 /* GRTUniquingSerializationStrategy.m */; };
		B4944D1D1B83355C00EA2D29 /* GRTSerializationStrategy.m in Sources */ = {isa = PBXBuildFile; fileRef = B4944D1C1B83355C00EA2D29 /* GRTSerializationStrategy.m */; };
		B4944D1E1B83355C00EA2D29 /* GRTSerializationStrategy.m in Sources */ = {isa = PBXBuildFile; fileRef = B4944D1C1B83355C00EA2D29 /* GRTSerializationStrategy.m */; };
		B4DC1AF21AA9CA5E00F67403 /* Groot.h in Headers */ = {isa = PBXBuildFile; fileRef = B4DC1AF11AA9CA5E00F67403 /* Groot.h */; settings = {ATTRIBUTES = (Public, ); }; };
		B4DC1AF81AA9CA5E00F67403 /* Groot.framework in Frameworks */ = {isa = PBXBuildFile; fileRef = B4DC1AEC1AA9CA5E00F67403 /* Groot.framework */; };
		B4DC1B1B1AA9CAC200F67403 /* GRTJSONSerialization.h in Headers */ = {isa = PBXBuildFile; fileRef = B4DC1B0A1AA9CAC200F67403 /* GRTJSONSerialization.h */; settings = {ATTRIBUTES = (Public, ); }; };
		B4DC1B1C1AA9CAC200F67403 /* GRTJSONSerialization.m in Sources */ = {isa = PBXBuildFile; fileRef = B4DC1B0B1AA9CAC200F67403 /* GRTJSONSerialization.m */; };
		B4DC1B1D1AA9CAC200F67403 /* GRTManagedStore.h in Headers */ = {isa = PBXBuildFile; fileRef = B4DC1B0C1AA9CAC200F67403 /* GRTManagedStore.h */; settings = {ATTRIBUTES = (Public, ); }; };
		B4DC1B1E1AA9CAC200F67403 /* GRTManagedStore.m in Sources */ = {isa = PBXBuildFile; fileRef = B4DC1B0D1AA9CAC200F67403 /* GRTManagedStore.m */; };
		B4DC1B211AA9CAC200F67403 /* NSAttributeDescription+Groot.h in Headers */ = {isa = PBXBuildFile; fileRef = B4DC1B111AA9CAC200F67403 /* NSAttributeDescription+Groot.h */; };
		B4DC1B221AA9CAC200F67403 /* NSAttributeDescription+Groot.m in Sources */ = {isa = PBXBuildFile; fileRef = B4DC1B121AA9CAC200F67403 /* NSAttributeDescription+Groot.m */; };
		B4DC1B251AA9CAC200F67403 /* NSEntityDescription+Groot.h in Headers */ = {isa = PBXBuildFile; fileRef = B4DC1B151AA9CAC200F67403 /* NSEntityDescription+Groot.h */; };
		B4DC1B261AA9CAC200F67403 /* NSEntityDescription+Groot.m in Sources */ = {isa = PBXBuildFile; fileRef = B4DC1B161AA9CAC200F67403 /* NSEntityDescription+Groot.m */; };
		B4DC1B271AA9CAC200F67403 /* NSPropertyDescription+Groot.h in Headers */ = {isa = PBXBuildFile; fileRef = B4DC1B171AA9CAC200F67403 /* NSPropertyDescription+Groot.h */; };
		B4DC1B281AA9CAC200F67403 /* NSPropertyDescription+Groot.m in Sources */ = {isa = PBXBuildFile; fileRef = B4DC1B181AA9CAC200F67403 /* NSPropertyDescription+Groot.m */; };
		B4DC1B321AA9CBAD00F67403 /* Model.xcdatamodeld in Sources */ = {isa = PBXBuildFile; fileRef = B4DC1B2D1AA9CBAD00F67403 /* Model.xcdatamodeld */; };
		B4E314F91B832BD500A80489 /* GRTManagedObjectSerializer.h in Headers */ = {isa = PBXBuildFile; fileRef = B4E314F71B832BD500A80489 /* GRTManagedObjectSerializer.h */; };
		B4E314FA1B832BD500A80489 /* GRTManagedObjectSerializer.h in Headers */ = {isa = PBXBuildFile; fileRef = B4E314F71B832BD500A80489 /* GRTManagedObjectSerializer.h */; };
		B4E314FB1B832BD500A80489 /* GRTManagedObjectSerializer.m in Sources */ = {isa = PBXBuildFile; fileRef = B4E314F81B832BD500A80489 /* GRTManagedObjectSerializer.m */; };
		B4E314FC1B832BD500A80489 /* GRTManagedObjectSerializer.m in Sources */ = {isa = PBXBuildFile; fileRef = B4E314F81B832BD500A80489 /* GRTManagedObjectSerializer.m */; };
		B4E314FD1B832EF900A80489 /* GRTSerializationStrategy.h in Headers */ = {isa = PBXBuildFile; fileRef = B4E314EE1B83233600A80489 /* GRTSerializationStrategy.h */; };
		B4E314FE1B832EFA00A80489 /* GRTSerializationStrategy.h in Headers */ = {isa = PBXBuildFile; fileRef = B4E314EE1B83233600A80489 /* GRTSerializationStrategy.h */; };
		B4E72F5C1B4DB8EF00B9EA77 /* GRTValueTransformer.h in Headers */ = {isa = PBXBuildFile; fileRef = B4E72F5A1B4DB8EF00B9EA77 /* GRTValueTransformer.h */; };
		B4E72F5D1B4DB8EF00B9EA77 /* GRTValueTransformer.m in Sources */ = {isa = PBXBuildFile; fileRef = B4E72F5B1B4DB8EF00B9EA77 /* GRTValueTransformer.m */; };
		B4E72F641B4DB9B300B9EA77 /* NSValueTransformer+Groot.h in Headers */ = {isa = PBXBuildFile; fileRef = B4E72F621B4DB9B300B9EA77 /* NSValueTransformer+Groot.h */; settings = {ATTRIBUTES = (Public, ); }; };
		B4E72F651B4DB9B300B9EA77 /* NSValueTransformer+Groot.m in Sources */ = {isa = PBXBuildFile; fileRef = B4E72F631B4DB9B300B9EA77 /* NSValueTransformer+Groot.m */; };
		B4E72F6D1B4DC4D500B9EA77 /* ValueTransformer+Groot.swift in Sources */ = {isa = PBXBuildFile; fileRef = B4E72F6C1B4DC4D500B9EA77 /* ValueTransformer+Groot.swift */; };
		B4E72F6F1B4DC7DA00B9EA77 /* ValueTransformerTests.swift in Sources */ = {isa = PBXBuildFile; fileRef = B4E72F6E1B4DC7DA00B9EA77 /* ValueTransformerTests.swift */; };
		B4EB88B61B847D3800867F3F /* GRTCompositeUniquingSerializationStrategy.h in Headers */ = {isa = PBXBuildFile; fileRef = B4EB88B41B847D3800867F3F /* GRTCompositeUniquingSerializationStrategy.h */; };
		B4EB88B71B847D3800867F3F /* GRTCompositeUniquingSerializationStrategy.m in Sources */ = {isa = PBXBuildFile; fileRef = B4EB88B51B847D3800867F3F /* GRTCompositeUniquingSerializationStrategy.m */; };
		B4EB88B81B847E1900867F3F /* GRTCompositeUniquingSerializationStrategy.m in Sources */ = {isa = PBXBuildFile; fileRef = B4EB88B51B847D3800867F3F /* GRTCompositeUniquingSerializationStrategy.m */; };
		B4EB88B91B847E2100867F3F /* GRTCompositeUniquingSerializationStrategy.h in Headers */ = {isa = PBXBuildFile; fileRef = B4EB88B41B847D3800867F3F /* GRTCompositeUniquingSerializationStrategy.h */; };
		B4EB88BF1B84D77200867F3F /* cards.json in Resources */ = {isa = PBXBuildFile; fileRef = B4EB88BE1B84D77200867F3F /* cards.json */; };
		B4EB88C11B84D83300867F3F /* cards_update.json in Resources */ = {isa = PBXBuildFile; fileRef = B4EB88C01B84D83300867F3F /* cards_update.json */; };
		B4EB88C21B84D97F00867F3F /* cards.json in Resources */ = {isa = PBXBuildFile; fileRef = B4EB88BE1B84D77200867F3F /* cards.json */; };
		B4EB88C31B84D98500867F3F /* cards_update.json in Resources */ = {isa = PBXBuildFile; fileRef = B4EB88C01B84D83300867F3F /* cards_update.json */; };
		B4FD30711B569F1A002392F7 /* Groot.swift in Sources */ = {isa = PBXBuildFile; fileRef = B4FD30701B569F1A002392F7 /* Groot.swift */; };
/* End PBXBuildFile section */

/* Begin PBXContainerItemProxy section */
		B408736E1B5AB6930063F150 /* PBXContainerItemProxy */ = {
			isa = PBXContainerItemProxy;
			containerPortal = B4DC1AE31AA9CA5E00F67403 /* Project object */;
			proxyType = 1;
			remoteGlobalIDString = B40873611B5AB6930063F150;
			remoteInfo = "Groot-Mac";
		};
		B4DC1AF91AA9CA5E00F67403 /* PBXContainerItemProxy */ = {
			isa = PBXContainerItemProxy;
			containerPortal = B4DC1AE31AA9CA5E00F67403 /* Project object */;
			proxyType = 1;
			remoteGlobalIDString = B4DC1AEB1AA9CA5E00F67403;
			remoteInfo = Groot;
		};
/* End PBXContainerItemProxy section */

/* Begin PBXFileReference section */
		82BCF4DC1D9123BF00BC4E0F /* Data+Resource.swift */ = {isa = PBXFileReference; fileEncoding = 4; lastKnownFileType = sourcecode.swift; path = "Data+Resource.swift"; sourceTree = "<group>"; };
		82BCF4DE1D913EF700BC4E0F /* Models.swift */ = {isa = PBXFileReference; fileEncoding = 4; lastKnownFileType = sourcecode.swift; path = Models.swift; sourceTree = "<group>"; };
		82BCF4E61D9145DE00BC4E0F /* SerializationTests.swift */ = {isa = PBXFileReference; fileEncoding = 4; lastKnownFileType = sourcecode.swift; path = SerializationTests.swift; sourceTree = "<group>"; };
		82BCF4EF1D91475200BC4E0F /* ManagedStoreTests.swift */ = {isa = PBXFileReference; fileEncoding = 4; lastKnownFileType = sourcecode.swift; path = ManagedStoreTests.swift; sourceTree = "<group>"; };
		B40873621B5AB6930063F150 /* Groot.framework */ = {isa = PBXFileReference; explicitFileType = wrapper.framework; includeInIndex = 0; path = Groot.framework; sourceTree = BUILT_PRODUCTS_DIR; };
		B408736C1B5AB6930063F150 /* GrootTests.xctest */ = {isa = PBXFileReference; explicitFileType = wrapper.cfbundle; includeInIndex = 0; path = GrootTests.xctest; sourceTree = BUILT_PRODUCTS_DIR; };
		B409C72F1B5979E700C47D48 /* container.json */ = {isa = PBXFileReference; fileEncoding = 4; lastKnownFileType = text.json; path = container.json; sourceTree = "<group>"; };
		B42A1D911B56600000309637 /* characters.json */ = {isa = PBXFileReference; fileEncoding = 4; lastKnownFileType = text.json; path = characters.json; sourceTree = "<group>"; };
		B42A1D921B56600000309637 /* characters_update.json */ = {isa = PBXFileReference; fileEncoding = 4; lastKnownFileType = text.json; path = characters_update.json; sourceTree = "<group>"; };
		B44B7F581B7240FD00490641 /* NSArray+DictionaryTransformer.h */ = {isa = PBXFileReference; fileEncoding = 4; lastKnownFileType = sourcecode.c.h; path = "NSArray+DictionaryTransformer.h"; sourceTree = "<group>"; };
		B44B7F591B7240FD00490641 /* NSArray+DictionaryTransformer.m */ = {isa = PBXFileReference; fileEncoding = 4; lastKnownFileType = sourcecode.c.objc; path = "NSArray+DictionaryTransformer.m"; sourceTree = "<group>"; };
		B46200C01B4F07E4003B3B69 /* GRTError.h */ = {isa = PBXFileReference; fileEncoding = 4; lastKnownFileType = sourcecode.c.h; path = GRTError.h; sourceTree = "<group>"; };
		B46200C11B4F07E4003B3B69 /* GRTError.m */ = {isa = PBXFileReference; fileEncoding = 4; lastKnownFileType = sourcecode.c.objc; path = GRTError.m; sourceTree = "<group>"; };
		B475B40E1B53FCE1001F29FE /* NSManagedObject+Groot.h */ = {isa = PBXFileReference; fileEncoding = 4; lastKnownFileType = sourcecode.c.h; path = "NSManagedObject+Groot.h"; sourceTree = "<group>"; };
		B475B40F1B53FCE1001F29FE /* NSManagedObject+Groot.m */ = {isa = PBXFileReference; fileEncoding = 4; lastKnownFileType = sourcecode.c.objc; path = "NSManagedObject+Groot.m"; sourceTree = "<group>"; };
		B4944D101B83303B00EA2D29 /* GRTInsertSerializationStrategy.h */ = {isa = PBXFileReference; fileEncoding = 4; lastKnownFileType = sourcecode.c.h; path = GRTInsertSerializationStrategy.h; sourceTree = "<group>"; };
		B4944D111B83303B00EA2D29 /* GRTInsertSerializationStrategy.m */ = {isa = PBXFileReference; fileEncoding = 4; lastKnownFileType = sourcecode.c.objc; path = GRTInsertSerializationStrategy.m; sourceTree = "<group>"; };
		B4944D161B83320000EA2D29 /* GRTUniquingSerializationStrategy.h */ = {isa = PBXFileReference; fileEncoding = 4; lastKnownFileType = sourcecode.c.h; path = GRTUniquingSerializationStrategy.h; sourceTree = "<group>"; };
		B4944D171B83320000EA2D29 /* GRTUniquingSerializationStrategy.m */ = {isa = PBXFileReference; fileEncoding = 4; lastKnownFileType = sourcecode.c.objc; path = GRTUniquingSerializationStrategy.m; sourceTree = "<group>"; };
		B4944D1C1B83355C00EA2D29 /* GRTSerializationStrategy.m */ = {isa = PBXFileReference; fileEncoding = 4; lastKnownFileType = sourcecode.c.objc; path = GRTSerializationStrategy.m; sourceTree = "<group>"; };
		B4DC1AEC1AA9CA5E00F67403 /* Groot.framework */ = {isa = PBXFileReference; explicitFileType = wrapper.framework; includeInIndex = 0; path = Groot.framework; sourceTree = BUILT_PRODUCTS_DIR; };
		B4DC1AF01AA9CA5E00F67403 /* Info.plist */ = {isa = PBXFileReference; lastKnownFileType = text.plist.xml; path = Info.plist; sourceTree = "<group>"; };
		B4DC1AF11AA9CA5E00F67403 /* Groot.h */ = {isa = PBXFileReference; lastKnownFileType = sourcecode.c.h; path = Groot.h; sourceTree = "<group>"; };
		B4DC1AF71AA9CA5E00F67403 /* GrootTests.xctest */ = {isa = PBXFileReference; explicitFileType = wrapper.cfbundle; includeInIndex = 0; path = GrootTests.xctest; sourceTree = BUILT_PRODUCTS_DIR; };
		B4DC1AFD1AA9CA5E00F67403 /* Info.plist */ = {isa = PBXFileReference; lastKnownFileType = text.plist.xml; path = Info.plist; sourceTree = "<group>"; };
		B4DC1B0A1AA9CAC200F67403 /* GRTJSONSerialization.h */ = {isa = PBXFileReference; fileEncoding = 4; lastKnownFileType = sourcecode.c.h; path = GRTJSONSerialization.h; sourceTree = "<group>"; };
		B4DC1B0B1AA9CAC200F67403 /* GRTJSONSerialization.m */ = {isa = PBXFileReference; fileEncoding = 4; lastKnownFileType = sourcecode.c.objc; path = GRTJSONSerialization.m; sourceTree = "<group>"; };
		B4DC1B0C1AA9CAC200F67403 /* GRTManagedStore.h */ = {isa = PBXFileReference; fileEncoding = 4; lastKnownFileType = sourcecode.c.h; path = GRTManagedStore.h; sourceTree = "<group>"; };
		B4DC1B0D1AA9CAC200F67403 /* GRTManagedStore.m */ = {isa = PBXFileReference; fileEncoding = 4; lastKnownFileType = sourcecode.c.objc; path = GRTManagedStore.m; sourceTree = "<group>"; };
		B4DC1B111AA9CAC200F67403 /* NSAttributeDescription+Groot.h */ = {isa = PBXFileReference; fileEncoding = 4; lastKnownFileType = sourcecode.c.h; path = "NSAttributeDescription+Groot.h"; sourceTree = "<group>"; };
		B4DC1B121AA9CAC200F67403 /* NSAttributeDescription+Groot.m */ = {isa = PBXFileReference; fileEncoding = 4; lastKnownFileType = sourcecode.c.objc; path = "NSAttributeDescription+Groot.m"; sourceTree = "<group>"; };
		B4DC1B151AA9CAC200F67403 /* NSEntityDescription+Groot.h */ = {isa = PBXFileReference; fileEncoding = 4; lastKnownFileType = sourcecode.c.h; path = "NSEntityDescription+Groot.h"; sourceTree = "<group>"; };
		B4DC1B161AA9CAC200F67403 /* NSEntityDescription+Groot.m */ = {isa = PBXFileReference; fileEncoding = 4; lastKnownFileType = sourcecode.c.objc; path = "NSEntityDescription+Groot.m"; sourceTree = "<group>"; };
		B4DC1B171AA9CAC200F67403 /* NSPropertyDescription+Groot.h */ = {isa = PBXFileReference; fileEncoding = 4; lastKnownFileType = sourcecode.c.h; path = "NSPropertyDescription+Groot.h"; sourceTree = "<group>"; };
		B4DC1B181AA9CAC200F67403 /* NSPropertyDescription+Groot.m */ = {isa = PBXFileReference; fileEncoding = 4; lastKnownFileType = sourcecode.c.objc; path = "NSPropertyDescription+Groot.m"; sourceTree = "<group>"; };
		B4DC1B2E1AA9CBAD00F67403 /* Model.xcdatamodel */ = {isa = PBXFileReference; lastKnownFileType = wrapper.xcdatamodel; path = Model.xcdatamodel; sourceTree = "<group>"; };
		B4E314EE1B83233600A80489 /* GRTSerializationStrategy.h */ = {isa = PBXFileReference; fileEncoding = 4; lastKnownFileType = sourcecode.c.h; path = GRTSerializationStrategy.h; sourceTree = "<group>"; };
		B4E314F71B832BD500A80489 /* GRTManagedObjectSerializer.h */ = {isa = PBXFileReference; fileEncoding = 4; lastKnownFileType = sourcecode.c.h; path = GRTManagedObjectSerializer.h; sourceTree = "<group>"; };
		B4E314F81B832BD500A80489 /* GRTManagedObjectSerializer.m */ = {isa = PBXFileReference; fileEncoding = 4; lastKnownFileType = sourcecode.c.objc; path = GRTManagedObjectSerializer.m; sourceTree = "<group>"; };
		B4E72F5A1B4DB8EF00B9EA77 /* GRTValueTransformer.h */ = {isa = PBXFileReference; fileEncoding = 4; lastKnownFileType = sourcecode.c.h; path = GRTValueTransformer.h; sourceTree = "<group>"; };
		B4E72F5B1B4DB8EF00B9EA77 /* GRTValueTransformer.m */ = {isa = PBXFileReference; fileEncoding = 4; lastKnownFileType = sourcecode.c.objc; path = GRTValueTransformer.m; sourceTree = "<group>"; };
		B4E72F621B4DB9B300B9EA77 /* NSValueTransformer+Groot.h */ = {isa = PBXFileReference; fileEncoding = 4; lastKnownFileType = sourcecode.c.h; path = "NSValueTransformer+Groot.h"; sourceTree = "<group>"; };
		B4E72F631B4DB9B300B9EA77 /* NSValueTransformer+Groot.m */ = {isa = PBXFileReference; fileEncoding = 4; lastKnownFileType = sourcecode.c.objc; path = "NSValueTransformer+Groot.m"; sourceTree = "<group>"; };
		B4E72F6C1B4DC4D500B9EA77 /* ValueTransformer+Groot.swift */ = {isa = PBXFileReference; fileEncoding = 4; lastKnownFileType = sourcecode.swift; path = "ValueTransformer+Groot.swift"; sourceTree = "<group>"; };
		B4E72F6E1B4DC7DA00B9EA77 /* ValueTransformerTests.swift */ = {isa = PBXFileReference; fileEncoding = 4; lastKnownFileType = sourcecode.swift; path = ValueTransformerTests.swift; sourceTree = "<group>"; };
		B4EB88B41B847D3800867F3F /* GRTCompositeUniquingSerializationStrategy.h */ = {isa = PBXFileReference; fileEncoding = 4; lastKnownFileType = sourcecode.c.h; path = GRTCompositeUniquingSerializationStrategy.h; sourceTree = "<group>"; };
		B4EB88B51B847D3800867F3F /* GRTCompositeUniquingSerializationStrategy.m */ = {isa = PBXFileReference; fileEncoding = 4; lastKnownFileType = sourcecode.c.objc; path = GRTCompositeUniquingSerializationStrategy.m; sourceTree = "<group>"; };
		B4EB88BE1B84D77200867F3F /* cards.json */ = {isa = PBXFileReference; fileEncoding = 4; lastKnownFileType = text.json; path = cards.json; sourceTree = "<group>"; };
		B4EB88C01B84D83300867F3F /* cards_update.json */ = {isa = PBXFileReference; fileEncoding = 4; lastKnownFileType = text.json; path = cards_update.json; sourceTree = "<group>"; };
		B4FD30701B569F1A002392F7 /* Groot.swift */ = {isa = PBXFileReference; fileEncoding = 4; lastKnownFileType = sourcecode.swift; path = Groot.swift; sourceTree = "<group>"; };
/* End PBXFileReference section */

/* Begin PBXFrameworksBuildPhase section */
		B408735E1B5AB6930063F150 /* Frameworks */ = {
			isa = PBXFrameworksBuildPhase;
			buildActionMask = 2147483647;
			files = (
			);
			runOnlyForDeploymentPostprocessing = 0;
		};
		B40873691B5AB6930063F150 /* Frameworks */ = {
			isa = PBXFrameworksBuildPhase;
			buildActionMask = 2147483647;
			files = (
				B408736D1B5AB6930063F150 /* Groot.framework in Frameworks */,
			);
			runOnlyForDeploymentPostprocessing = 0;
		};
		B4DC1AE81AA9CA5E00F67403 /* Frameworks */ = {
			isa = PBXFrameworksBuildPhase;
			buildActionMask = 2147483647;
			files = (
			);
			runOnlyForDeploymentPostprocessing = 0;
		};
		B4DC1AF41AA9CA5E00F67403 /* Frameworks */ = {
			isa = PBXFrameworksBuildPhase;
			buildActionMask = 2147483647;
			files = (
				B4DC1AF81AA9CA5E00F67403 /* Groot.framework in Frameworks */,
			);
			runOnlyForDeploymentPostprocessing = 0;
		};
/* End PBXFrameworksBuildPhase section */

/* Begin PBXGroup section */
		B42A1D901B56600000309637 /* JSON */ = {
			isa = PBXGroup;
			children = (
				B42A1D911B56600000309637 /* characters.json */,
				B42A1D921B56600000309637 /* characters_update.json */,
				B409C72F1B5979E700C47D48 /* container.json */,
				B4EB88BE1B84D77200867F3F /* cards.json */,
				B4EB88C01B84D83300867F3F /* cards_update.json */,
			);
			path = JSON;
			sourceTree = "<group>";
		};
		B4944D1F1B83779E00EA2D29 /* Helpers */ = {
			isa = PBXGroup;
			children = (
				B4E72F5A1B4DB8EF00B9EA77 /* GRTValueTransformer.h */,
				B4E72F5B1B4DB8EF00B9EA77 /* GRTValueTransformer.m */,
				B4DC1B171AA9CAC200F67403 /* NSPropertyDescription+Groot.h */,
				B4DC1B181AA9CAC200F67403 /* NSPropertyDescription+Groot.m */,
				B4DC1B111AA9CAC200F67403 /* NSAttributeDescription+Groot.h */,
				B4DC1B121AA9CAC200F67403 /* NSAttributeDescription+Groot.m */,
				B4DC1B151AA9CAC200F67403 /* NSEntityDescription+Groot.h */,
				B4DC1B161AA9CAC200F67403 /* NSEntityDescription+Groot.m */,
				B475B40E1B53FCE1001F29FE /* NSManagedObject+Groot.h */,
				B475B40F1B53FCE1001F29FE /* NSManagedObject+Groot.m */,
				B44B7F581B7240FD00490641 /* NSArray+DictionaryTransformer.h */,
				B44B7F591B7240FD00490641 /* NSArray+DictionaryTransformer.m */,
			);
			name = Helpers;
			sourceTree = "<group>";
		};
		B4DC1AE21AA9CA5E00F67403 = {
			isa = PBXGroup;
			children = (
				B4DC1AEE1AA9CA5E00F67403 /* Groot */,
				B4DC1AFB1AA9CA5E00F67403 /* GrootTests */,
				B4DC1AED1AA9CA5E00F67403 /* Products */,
			);
			sourceTree = "<group>";
		};
		B4DC1AED1AA9CA5E00F67403 /* Products */ = {
			isa = PBXGroup;
			children = (
				B4DC1AEC1AA9CA5E00F67403 /* Groot.framework */,
				B4DC1AF71AA9CA5E00F67403 /* GrootTests.xctest */,
				B40873621B5AB6930063F150 /* Groot.framework */,
				B408736C1B5AB6930063F150 /* GrootTests.xctest */,
			);
			name = Products;
			sourceTree = "<group>";
		};
		B4DC1AEE1AA9CA5E00F67403 /* Groot */ = {
			isa = PBXGroup;
			children = (
				B4DC1AF11AA9CA5E00F67403 /* Groot.h */,
				B4FD30701B569F1A002392F7 /* Groot.swift */,
				B46200C01B4F07E4003B3B69 /* GRTError.h */,
				B46200C11B4F07E4003B3B69 /* GRTError.m */,
				B4DC1B0A1AA9CAC200F67403 /* GRTJSONSerialization.h */,
				B4DC1B0B1AA9CAC200F67403 /* GRTJSONSerialization.m */,
				B4DC1B0C1AA9CAC200F67403 /* GRTManagedStore.h */,
				B4DC1B0D1AA9CAC200F67403 /* GRTManagedStore.m */,
				B4E72F621B4DB9B300B9EA77 /* NSValueTransformer+Groot.h */,
				B4E72F631B4DB9B300B9EA77 /* NSValueTransformer+Groot.m */,
				B4E72F6C1B4DC4D500B9EA77 /* ValueTransformer+Groot.swift */,
				B4DC1B101AA9CAC200F67403 /* Private */,
				B4DC1AEF1AA9CA5E00F67403 /* Supporting Files */,
			);
			path = Groot;
			sourceTree = "<group>";
		};
		B4DC1AEF1AA9CA5E00F67403 /* Supporting Files */ = {
			isa = PBXGroup;
			children = (
				B4DC1AF01AA9CA5E00F67403 /* Info.plist */,
			);
			name = "Supporting Files";
			sourceTree = "<group>";
		};
		B4DC1AFB1AA9CA5E00F67403 /* GrootTests */ = {
			isa = PBXGroup;
			children = (
				B4E72F6E1B4DC7DA00B9EA77 /* ValueTransformerTests.swift */,
				82BCF4EF1D91475200BC4E0F /* ManagedStoreTests.swift */,
				82BCF4E61D9145DE00BC4E0F /* SerializationTests.swift */,
				B42A1D901B56600000309637 /* JSON */,
				B4DC1AFC1AA9CA5E00F67403 /* Supporting Files */,
			);
			path = GrootTests;
			sourceTree = "<group>";
		};
		B4DC1AFC1AA9CA5E00F67403 /* Supporting Files */ = {
			isa = PBXGroup;
			children = (
				82BCF4DE1D913EF700BC4E0F /* Models.swift */,
				82BCF4DC1D9123BF00BC4E0F /* Data+Resource.swift */,
				B4DC1B2D1AA9CBAD00F67403 /* Model.xcdatamodeld */,
				B4DC1AFD1AA9CA5E00F67403 /* Info.plist */,
			);
			name = "Supporting Files";
			sourceTree = "<group>";
		};
		B4DC1B101AA9CAC200F67403 /* Private */ = {
			isa = PBXGroup;
			children = (
				B4944D1F1B83779E00EA2D29 /* Helpers */,
				B4E314ED1B8322EE00A80489 /* Serialization */,
			);
			path = Private;
			sourceTree = "<group>";
		};
		B4E314ED1B8322EE00A80489 /* Serialization */ = {
			isa = PBXGroup;
			children = (
				B4E314F71B832BD500A80489 /* GRTManagedObjectSerializer.h */,
				B4E314F81B832BD500A80489 /* GRTManagedObjectSerializer.m */,
				B4E314EE1B83233600A80489 /* GRTSerializationStrategy.h */,
				B4944D1C1B83355C00EA2D29 /* GRTSerializationStrategy.m */,
				B4944D101B83303B00EA2D29 /* GRTInsertSerializationStrategy.h */,
				B4944D111B83303B00EA2D29 /* GRTInsertSerializationStrategy.m */,
				B4944D161B83320000EA2D29 /* GRTUniquingSerializationStrategy.h */,
				B4944D171B83320000EA2D29 /* GRTUniquingSerializationStrategy.m */,
				B4EB88B41B847D3800867F3F /* GRTCompositeUniquingSerializationStrategy.h */,
				B4EB88B51B847D3800867F3F /* GRTCompositeUniquingSerializationStrategy.m */,
			);
			name = Serialization;
			sourceTree = "<group>";
		};
/* End PBXGroup section */

/* Begin PBXHeadersBuildPhase section */
		B408735F1B5AB6930063F150 /* Headers */ = {
			isa = PBXHeadersBuildPhase;
			buildActionMask = 2147483647;
			files = (
				B408738C1B5AB87F0063F150 /* NSEntityDescription+Groot.h in Headers */,
				B4E314FD1B832EF900A80489 /* GRTSerializationStrategy.h in Headers */,
				B4EB88B91B847E2100867F3F /* GRTCompositeUniquingSerializationStrategy.h in Headers */,
				B408737B1B5AB8350063F150 /* Groot.h in Headers */,
				B40873831B5AB8470063F150 /* NSValueTransformer+Groot.h in Headers */,
				B408737D1B5AB8470063F150 /* GRTError.h in Headers */,
				B408738A1B5AB87F0063F150 /* NSAttributeDescription+Groot.h in Headers */,
				B40873881B5AB87F0063F150 /* NSPropertyDescription+Groot.h in Headers */,
				B4944D191B83320000EA2D29 /* GRTUniquingSerializationStrategy.h in Headers */,
				B44B7F5C1B72441D00490641 /* NSArray+DictionaryTransformer.h in Headers */,
				B4944D141B83305300EA2D29 /* GRTInsertSerializationStrategy.h in Headers */,
				B4E314FA1B832BD500A80489 /* GRTManagedObjectSerializer.h in Headers */,
				B408738E1B5AB87F0063F150 /* NSManagedObject+Groot.h in Headers */,
				B40873811B5AB8470063F150 /* GRTManagedStore.h in Headers */,
				B40873861B5AB87F0063F150 /* GRTValueTransformer.h in Headers */,
				B408737F1B5AB8470063F150 /* GRTJSONSerialization.h in Headers */,
			);
			runOnlyForDeploymentPostprocessing = 0;
		};
		B4DC1AE91AA9CA5E00F67403 /* Headers */ = {
			isa = PBXHeadersBuildPhase;
			buildActionMask = 2147483647;
			files = (
				B46200C21B4F07E4003B3B69 /* GRTError.h in Headers */,
				B4E314FE1B832EFA00A80489 /* GRTSerializationStrategy.h in Headers */,
				B4EB88B61B847D3800867F3F /* GRTCompositeUniquingSerializationStrategy.h in Headers */,
				B4E72F641B4DB9B300B9EA77 /* NSValueTransformer+Groot.h in Headers */,
				B4DC1B251AA9CAC200F67403 /* NSEntityDescription+Groot.h in Headers */,
				B4DC1B271AA9CAC200F67403 /* NSPropertyDescription+Groot.h in Headers */,
				B4DC1AF21AA9CA5E00F67403 /* Groot.h in Headers */,
				B4DC1B1D1AA9CAC200F67403 /* GRTManagedStore.h in Headers */,
				B4944D181B83320000EA2D29 /* GRTUniquingSerializationStrategy.h in Headers */,
				B44B7F5A1B7240FD00490641 /* NSArray+DictionaryTransformer.h in Headers */,
				B4944D121B83303B00EA2D29 /* GRTInsertSerializationStrategy.h in Headers */,
				B4E314F91B832BD500A80489 /* GRTManagedObjectSerializer.h in Headers */,
				B4DC1B1B1AA9CAC200F67403 /* GRTJSONSerialization.h in Headers */,
				B475B4101B53FCE1001F29FE /* NSManagedObject+Groot.h in Headers */,
				B4E72F5C1B4DB8EF00B9EA77 /* GRTValueTransformer.h in Headers */,
				B4DC1B211AA9CAC200F67403 /* NSAttributeDescription+Groot.h in Headers */,
			);
			runOnlyForDeploymentPostprocessing = 0;
		};
/* End PBXHeadersBuildPhase section */

/* Begin PBXNativeTarget section */
		B40873611B5AB6930063F150 /* Groot-Mac */ = {
			isa = PBXNativeTarget;
			buildConfigurationList = B40873791B5AB6930063F150 /* Build configuration list for PBXNativeTarget "Groot-Mac" */;
			buildPhases = (
				B408735D1B5AB6930063F150 /* Sources */,
				B408735E1B5AB6930063F150 /* Frameworks */,
				B408735F1B5AB6930063F150 /* Headers */,
				B40873601B5AB6930063F150 /* Resources */,
			);
			buildRules = (
			);
			dependencies = (
			);
			name = "Groot-Mac";
			productName = "Groot-Mac";
			productReference = B40873621B5AB6930063F150 /* Groot.framework */;
			productType = "com.apple.product-type.framework";
		};
		B408736B1B5AB6930063F150 /* Groot-MacTests */ = {
			isa = PBXNativeTarget;
			buildConfigurationList = B408737A1B5AB6930063F150 /* Build configuration list for PBXNativeTarget "Groot-MacTests" */;
			buildPhases = (
				B40873681B5AB6930063F150 /* Sources */,
				B40873691B5AB6930063F150 /* Frameworks */,
				B408736A1B5AB6930063F150 /* Resources */,
			);
			buildRules = (
			);
			dependencies = (
				B408736F1B5AB6930063F150 /* PBXTargetDependency */,
			);
			name = "Groot-MacTests";
			productName = "Groot-MacTests";
			productReference = B408736C1B5AB6930063F150 /* GrootTests.xctest */;
			productType = "com.apple.product-type.bundle.unit-test";
		};
		B4DC1AEB1AA9CA5E00F67403 /* Groot */ = {
			isa = PBXNativeTarget;
			buildConfigurationList = B4DC1B021AA9CA5E00F67403 /* Build configuration list for PBXNativeTarget "Groot" */;
			buildPhases = (
				B4DC1AE71AA9CA5E00F67403 /* Sources */,
				B4DC1AE81AA9CA5E00F67403 /* Frameworks */,
				B4DC1AE91AA9CA5E00F67403 /* Headers */,
				B4DC1AEA1AA9CA5E00F67403 /* Resources */,
			);
			buildRules = (
			);
			dependencies = (
			);
			name = Groot;
			productName = Groot;
			productReference = B4DC1AEC1AA9CA5E00F67403 /* Groot.framework */;
			productType = "com.apple.product-type.framework";
		};
		B4DC1AF61AA9CA5E00F67403 /* GrootTests */ = {
			isa = PBXNativeTarget;
			buildConfigurationList = B4DC1B051AA9CA5E00F67403 /* Build configuration list for PBXNativeTarget "GrootTests" */;
			buildPhases = (
				B4DC1AF31AA9CA5E00F67403 /* Sources */,
				B4DC1AF41AA9CA5E00F67403 /* Frameworks */,
				B4DC1AF51AA9CA5E00F67403 /* Resources */,
			);
			buildRules = (
			);
			dependencies = (
				B4DC1AFA1AA9CA5E00F67403 /* PBXTargetDependency */,
			);
			name = GrootTests;
			productName = GrootTests;
			productReference = B4DC1AF71AA9CA5E00F67403 /* GrootTests.xctest */;
			productType = "com.apple.product-type.bundle.unit-test";
		};
/* End PBXNativeTarget section */

/* Begin PBXProject section */
		B4DC1AE31AA9CA5E00F67403 /* Project object */ = {
			isa = PBXProject;
			attributes = {
				LastSwiftMigration = 0700;
				LastSwiftUpdateCheck = 0700;
				LastUpgradeCheck = 1000;
				ORGANIZATIONNAME = "Guillermo Gonzalez";
				TargetAttributes = {
					B40873611B5AB6930063F150 = {
						CreatedOnToolsVersion = 6.4;
						LastSwiftMigration = 1000;
					};
					B408736B1B5AB6930063F150 = {
						CreatedOnToolsVersion = 6.4;
						LastSwiftMigration = 1000;
					};
					B4DC1AEB1AA9CA5E00F67403 = {
						CreatedOnToolsVersion = 6.1.1;
						LastSwiftMigration = 0900;
					};
					B4DC1AF61AA9CA5E00F67403 = {
						CreatedOnToolsVersion = 6.1.1;
						LastSwiftMigration = 0900;
					};
				};
			};
			buildConfigurationList = B4DC1AE61AA9CA5E00F67403 /* Build configuration list for PBXProject "Groot" */;
			compatibilityVersion = "Xcode 3.2";
			developmentRegion = English;
			hasScannedForEncodings = 0;
			knownRegions = (
				en,
			);
			mainGroup = B4DC1AE21AA9CA5E00F67403;
			productRefGroup = B4DC1AED1AA9CA5E00F67403 /* Products */;
			projectDirPath = "";
			projectRoot = "";
			targets = (
				B4DC1AEB1AA9CA5E00F67403 /* Groot */,
				B4DC1AF61AA9CA5E00F67403 /* GrootTests */,
				B40873611B5AB6930063F150 /* Groot-Mac */,
				B408736B1B5AB6930063F150 /* Groot-MacTests */,
			);
		};
/* End PBXProject section */

/* Begin PBXResourcesBuildPhase section */
		B40873601B5AB6930063F150 /* Resources */ = {
			isa = PBXResourcesBuildPhase;
			buildActionMask = 2147483647;
			files = (
			);
			runOnlyForDeploymentPostprocessing = 0;
		};
		B408736A1B5AB6930063F150 /* Resources */ = {
			isa = PBXResourcesBuildPhase;
			buildActionMask = 2147483647;
			files = (
				B40873941B5AB8AF0063F150 /* characters_update.json in Resources */,
				B40873951B5AB8AF0063F150 /* container.json in Resources */,
				B40873931B5AB8AF0063F150 /* characters.json in Resources */,
				B4EB88C31B84D98500867F3F /* cards_update.json in Resources */,
				B4EB88C21B84D97F00867F3F /* cards.json in Resources */,
			);
			runOnlyForDeploymentPostprocessing = 0;
		};
		B4DC1AEA1AA9CA5E00F67403 /* Resources */ = {
			isa = PBXResourcesBuildPhase;
			buildActionMask = 2147483647;
			files = (
			);
			runOnlyForDeploymentPostprocessing = 0;
		};
		B4DC1AF51AA9CA5E00F67403 /* Resources */ = {
			isa = PBXResourcesBuildPhase;
			buildActionMask = 2147483647;
			files = (
				B42A1D941B56600000309637 /* characters_update.json in Resources */,
				B42A1D931B56600000309637 /* characters.json in Resources */,
				B409C7301B5979E700C47D48 /* container.json in Resources */,
				B4EB88C11B84D83300867F3F /* cards_update.json in Resources */,
				B4EB88BF1B84D77200867F3F /* cards.json in Resources */,
			);
			runOnlyForDeploymentPostprocessing = 0;
		};
/* End PBXResourcesBuildPhase section */

/* Begin PBXSourcesBuildPhase section */
		B408735D1B5AB6930063F150 /* Sources */ = {
			isa = PBXSourcesBuildPhase;
			buildActionMask = 2147483647;
			files = (
				B408738D1B5AB87F0063F150 /* NSEntityDescription+Groot.m in Sources */,
				B40873891B5AB87F0063F150 /* NSPropertyDescription+Groot.m in Sources */,
				B4944D1B1B83320000EA2D29 /* GRTUniquingSerializationStrategy.m in Sources */,
				B4944D1E1B83355C00EA2D29 /* GRTSerializationStrategy.m in Sources */,
				B44B7F5D1B7299B800490641 /* NSArray+DictionaryTransformer.m in Sources */,
				B40873851B5AB8470063F150 /* ValueTransformer+Groot.swift in Sources */,
				B4944D151B83305600EA2D29 /* GRTInsertSerializationStrategy.m in Sources */,
				B40873801B5AB8470063F150 /* GRTJSONSerialization.m in Sources */,
				B40873841B5AB8470063F150 /* NSValueTransformer+Groot.m in Sources */,
				B408737E1B5AB8470063F150 /* GRTError.m in Sources */,
				B408737C1B5AB83D0063F150 /* Groot.swift in Sources */,
				B4EB88B81B847E1900867F3F /* GRTCompositeUniquingSerializationStrategy.m in Sources */,
				B408738B1B5AB87F0063F150 /* NSAttributeDescription+Groot.m in Sources */,
				B40873871B5AB87F0063F150 /* GRTValueTransformer.m in Sources */,
				B4E314FC1B832BD500A80489 /* GRTManagedObjectSerializer.m in Sources */,
				B408738F1B5AB87F0063F150 /* NSManagedObject+Groot.m in Sources */,
				B40873821B5AB8470063F150 /* GRTManagedStore.m in Sources */,
			);
			runOnlyForDeploymentPostprocessing = 0;
		};
		B40873681B5AB6930063F150 /* Sources */ = {
			isa = PBXSourcesBuildPhase;
			buildActionMask = 2147483647;
			files = (
				B40873901B5AB89C0063F150 /* ValueTransformerTests.swift in Sources */,
				82BCF4E81D9145DE00BC4E0F /* SerializationTests.swift in Sources */,
				82BCF4E91D9145EE00BC4E0F /* Models.swift in Sources */,
				82BCF4EA1D9145F100BC4E0F /* Data+Resource.swift in Sources */,
				B408739C1B5AB8E80063F150 /* Model.xcdatamodeld in Sources */,
				82BCF4F11D91475200BC4E0F /* ManagedStoreTests.swift in Sources */,
			);
			runOnlyForDeploymentPostprocessing = 0;
		};
		B4DC1AE71AA9CA5E00F67403 /* Sources */ = {
			isa = PBXSourcesBuildPhase;
			buildActionMask = 2147483647;
			files = (
				B4E72F6D1B4DC4D500B9EA77 /* ValueTransformer+Groot.swift in Sources */,
				B4DC1B281AA9CAC200F67403 /* NSPropertyDescription+Groot.m in Sources */,
				B4944D1A1B83320000EA2D29 /* GRTUniquingSerializationStrategy.m in Sources */,
				B4944D1D1B83355C00EA2D29 /* GRTSerializationStrategy.m in Sources */,
				B44B7F5B1B7240FD00490641 /* NSArray+DictionaryTransformer.m in Sources */,
				B4FD30711B569F1A002392F7 /* Groot.swift in Sources */,
				B4944D131B83303B00EA2D29 /* GRTInsertSerializationStrategy.m in Sources */,
				B4DC1B261AA9CAC200F67403 /* NSEntityDescription+Groot.m in Sources */,
				B4E72F651B4DB9B300B9EA77 /* NSValueTransformer+Groot.m in Sources */,
				B4DC1B1C1AA9CAC200F67403 /* GRTJSONSerialization.m in Sources */,
				B4DC1B221AA9CAC200F67403 /* NSAttributeDescription+Groot.m in Sources */,
				B4EB88B71B847D3800867F3F /* GRTCompositeUniquingSerializationStrategy.m in Sources */,
				B4E72F5D1B4DB8EF00B9EA77 /* GRTValueTransformer.m in Sources */,
				B4DC1B1E1AA9CAC200F67403 /* GRTManagedStore.m in Sources */,
				B4E314FB1B832BD500A80489 /* GRTManagedObjectSerializer.m in Sources */,
				B475B4111B53FCE1001F29FE /* NSManagedObject+Groot.m in Sources */,
				B46200C31B4F07E4003B3B69 /* GRTError.m in Sources */,
			);
			runOnlyForDeploymentPostprocessing = 0;
		};
		B4DC1AF31AA9CA5E00F67403 /* Sources */ = {
			isa = PBXSourcesBuildPhase;
			buildActionMask = 2147483647;
			files = (
				B4E72F6F1B4DC7DA00B9EA77 /* ValueTransformerTests.swift in Sources */,
				82BCF4E71D9145DE00BC4E0F /* SerializationTests.swift in Sources */,
				82BCF4DF1D913EF700BC4E0F /* Models.swift in Sources */,
				82BCF4DD1D9123BF00BC4E0F /* Data+Resource.swift in Sources */,
				B4DC1B321AA9CBAD00F67403 /* Model.xcdatamodeld in Sources */,
				82BCF4F01D91475200BC4E0F /* ManagedStoreTests.swift in Sources */,
			);
			runOnlyForDeploymentPostprocessing = 0;
		};
/* End PBXSourcesBuildPhase section */

/* Begin PBXTargetDependency section */
		B408736F1B5AB6930063F150 /* PBXTargetDependency */ = {
			isa = PBXTargetDependency;
			target = B40873611B5AB6930063F150 /* Groot-Mac */;
			targetProxy = B408736E1B5AB6930063F150 /* PBXContainerItemProxy */;
		};
		B4DC1AFA1AA9CA5E00F67403 /* PBXTargetDependency */ = {
			isa = PBXTargetDependency;
			target = B4DC1AEB1AA9CA5E00F67403 /* Groot */;
			targetProxy = B4DC1AF91AA9CA5E00F67403 /* PBXContainerItemProxy */;
		};
/* End PBXTargetDependency section */

/* Begin XCBuildConfiguration section */
		B40873751B5AB6930063F150 /* Debug */ = {
			isa = XCBuildConfiguration;
			buildSettings = {
				COMBINE_HIDPI_IMAGES = YES;
				DEBUG_INFORMATION_FORMAT = dwarf;
				DEFINES_MODULE = YES;
				DYLIB_COMPATIBILITY_VERSION = 1;
				DYLIB_CURRENT_VERSION = 1;
				DYLIB_INSTALL_NAME_BASE = "@rpath";
				FRAMEWORK_VERSION = A;
				GCC_NO_COMMON_BLOCKS = YES;
				GCC_PREPROCESSOR_DEFINITIONS = (
					"DEBUG=1",
					"$(inherited)",
				);
				INFOPLIST_FILE = Groot/Info.plist;
				INSTALL_PATH = "$(LOCAL_LIBRARY_DIR)/Frameworks";
				LD_RUNPATH_SEARCH_PATHS = "$(inherited) @executable_path/../Frameworks @loader_path/Frameworks";
				MACOSX_DEPLOYMENT_TARGET = 10.9;
				PRODUCT_BUNDLE_IDENTIFIER = "com.gonzalezreal.$(PRODUCT_NAME:rfc1034identifier)";
				PRODUCT_NAME = Groot;
				SDKROOT = macosx;
				SKIP_INSTALL = YES;
			};
			name = Debug;
		};
		B40873761B5AB6930063F150 /* Release */ = {
			isa = XCBuildConfiguration;
			buildSettings = {
				COMBINE_HIDPI_IMAGES = YES;
				COPY_PHASE_STRIP = NO;
				DEBUG_INFORMATION_FORMAT = "dwarf-with-dsym";
				DEFINES_MODULE = YES;
				DYLIB_COMPATIBILITY_VERSION = 1;
				DYLIB_CURRENT_VERSION = 1;
				DYLIB_INSTALL_NAME_BASE = "@rpath";
				FRAMEWORK_VERSION = A;
				GCC_NO_COMMON_BLOCKS = YES;
				INFOPLIST_FILE = Groot/Info.plist;
				INSTALL_PATH = "$(LOCAL_LIBRARY_DIR)/Frameworks";
				LD_RUNPATH_SEARCH_PATHS = "$(inherited) @executable_path/../Frameworks @loader_path/Frameworks";
				MACOSX_DEPLOYMENT_TARGET = 10.9;
				PRODUCT_BUNDLE_IDENTIFIER = "com.gonzalezreal.$(PRODUCT_NAME:rfc1034identifier)";
				PRODUCT_NAME = Groot;
				SDKROOT = macosx;
				SKIP_INSTALL = YES;
			};
			name = Release;
		};
		B40873771B5AB6930063F150 /* Debug */ = {
			isa = XCBuildConfiguration;
			buildSettings = {
				COMBINE_HIDPI_IMAGES = YES;
				DEBUG_INFORMATION_FORMAT = dwarf;
				FRAMEWORK_SEARCH_PATHS = (
					"$(DEVELOPER_FRAMEWORKS_DIR)",
					"$(inherited)",
				);
				GCC_NO_COMMON_BLOCKS = YES;
				GCC_PREPROCESSOR_DEFINITIONS = (
					"DEBUG=1",
					"$(inherited)",
				);
				INFOPLIST_FILE = GrootTests/Info.plist;
				LD_RUNPATH_SEARCH_PATHS = "$(inherited) @executable_path/../Frameworks @loader_path/../Frameworks";
				MACOSX_DEPLOYMENT_TARGET = 10.10;
				PRODUCT_BUNDLE_IDENTIFIER = "com.gonzalezreal.$(PRODUCT_NAME:rfc1034identifier)";
				PRODUCT_NAME = GrootTests;
				SDKROOT = macosx;
			};
			name = Debug;
		};
		B40873781B5AB6930063F150 /* Release */ = {
			isa = XCBuildConfiguration;
			buildSettings = {
				COMBINE_HIDPI_IMAGES = YES;
				COPY_PHASE_STRIP = NO;
				DEBUG_INFORMATION_FORMAT = "dwarf-with-dsym";
				FRAMEWORK_SEARCH_PATHS = (
					"$(DEVELOPER_FRAMEWORKS_DIR)",
					"$(inherited)",
				);
				GCC_NO_COMMON_BLOCKS = YES;
				INFOPLIST_FILE = GrootTests/Info.plist;
				LD_RUNPATH_SEARCH_PATHS = "$(inherited) @executable_path/../Frameworks @loader_path/../Frameworks";
				MACOSX_DEPLOYMENT_TARGET = 10.10;
				PRODUCT_BUNDLE_IDENTIFIER = "com.gonzalezreal.$(PRODUCT_NAME:rfc1034identifier)";
				PRODUCT_NAME = GrootTests;
				SDKROOT = macosx;
			};
			name = Release;
		};
		B4DC1B001AA9CA5E00F67403 /* Debug */ = {
			isa = XCBuildConfiguration;
			buildSettings = {
				ALWAYS_SEARCH_USER_PATHS = NO;
				CLANG_CXX_LANGUAGE_STANDARD = "gnu++0x";
				CLANG_CXX_LIBRARY = "libc++";
				CLANG_ENABLE_MODULES = YES;
				CLANG_ENABLE_OBJC_ARC = YES;
				CLANG_WARN_BLOCK_CAPTURE_AUTORELEASING = YES;
				CLANG_WARN_BOOL_CONVERSION = YES;
				CLANG_WARN_COMMA = YES;
				CLANG_WARN_CONSTANT_CONVERSION = YES;
				CLANG_WARN_DEPRECATED_OBJC_IMPLEMENTATIONS = YES;
				CLANG_WARN_DIRECT_OBJC_ISA_USAGE = YES_ERROR;
				CLANG_WARN_EMPTY_BODY = YES;
				CLANG_WARN_ENUM_CONVERSION = YES;
				CLANG_WARN_INFINITE_RECURSION = YES;
				CLANG_WARN_INT_CONVERSION = YES;
				CLANG_WARN_NON_LITERAL_NULL_CONVERSION = YES;
				CLANG_WARN_OBJC_IMPLICIT_RETAIN_SELF = YES;
				CLANG_WARN_OBJC_LITERAL_CONVERSION = YES;
				CLANG_WARN_OBJC_ROOT_CLASS = YES_ERROR;
				CLANG_WARN_RANGE_LOOP_ANALYSIS = YES;
				CLANG_WARN_STRICT_PROTOTYPES = YES;
				CLANG_WARN_SUSPICIOUS_MOVE = YES;
				CLANG_WARN_UNREACHABLE_CODE = YES;
				CLANG_WARN__DUPLICATE_METHOD_MATCH = YES;
				"CODE_SIGN_IDENTITY[sdk=iphoneos*]" = "iPhone Developer";
				COPY_PHASE_STRIP = NO;
				CURRENT_PROJECT_VERSION = 1;
				ENABLE_STRICT_OBJC_MSGSEND = YES;
				ENABLE_TESTABILITY = YES;
				GCC_C_LANGUAGE_STANDARD = gnu99;
				GCC_DYNAMIC_NO_PIC = NO;
				GCC_NO_COMMON_BLOCKS = YES;
				GCC_OPTIMIZATION_LEVEL = 0;
				GCC_PREPROCESSOR_DEFINITIONS = (
					"DEBUG=1",
					"$(inherited)",
				);
				GCC_SYMBOLS_PRIVATE_EXTERN = NO;
				GCC_WARN_64_TO_32_BIT_CONVERSION = YES;
				GCC_WARN_ABOUT_RETURN_TYPE = YES_ERROR;
				GCC_WARN_UNDECLARED_SELECTOR = YES;
				GCC_WARN_UNINITIALIZED_AUTOS = YES_AGGRESSIVE;
				GCC_WARN_UNUSED_FUNCTION = YES;
				GCC_WARN_UNUSED_VARIABLE = YES;
				IPHONEOS_DEPLOYMENT_TARGET = 8.0;
				MTL_ENABLE_DEBUG_INFO = YES;
				ONLY_ACTIVE_ARCH = YES;
				SDKROOT = iphoneos;
				SWIFT_VERSION = 4.0;
				TARGETED_DEVICE_FAMILY = "1,2";
				VERSIONING_SYSTEM = "apple-generic";
				VERSION_INFO_PREFIX = "";
			};
			name = Debug;
		};
		B4DC1B011AA9CA5E00F67403 /* Release */ = {
			isa = XCBuildConfiguration;
			buildSettings = {
				ALWAYS_SEARCH_USER_PATHS = NO;
				CLANG_CXX_LANGUAGE_STANDARD = "gnu++0x";
				CLANG_CXX_LIBRARY = "libc++";
				CLANG_ENABLE_MODULES = YES;
				CLANG_ENABLE_OBJC_ARC = YES;
				CLANG_WARN_BLOCK_CAPTURE_AUTORELEASING = YES;
				CLANG_WARN_BOOL_CONVERSION = YES;
				CLANG_WARN_COMMA = YES;
				CLANG_WARN_CONSTANT_CONVERSION = YES;
				CLANG_WARN_DEPRECATED_OBJC_IMPLEMENTATIONS = YES;
				CLANG_WARN_DIRECT_OBJC_ISA_USAGE = YES_ERROR;
				CLANG_WARN_EMPTY_BODY = YES;
				CLANG_WARN_ENUM_CONVERSION = YES;
				CLANG_WARN_INFINITE_RECURSION = YES;
				CLANG_WARN_INT_CONVERSION = YES;
				CLANG_WARN_NON_LITERAL_NULL_CONVERSION = YES;
				CLANG_WARN_OBJC_IMPLICIT_RETAIN_SELF = YES;
				CLANG_WARN_OBJC_LITERAL_CONVERSION = YES;
				CLANG_WARN_OBJC_ROOT_CLASS = YES_ERROR;
				CLANG_WARN_RANGE_LOOP_ANALYSIS = YES;
				CLANG_WARN_STRICT_PROTOTYPES = YES;
				CLANG_WARN_SUSPICIOUS_MOVE = YES;
				CLANG_WARN_UNREACHABLE_CODE = YES;
				CLANG_WARN__DUPLICATE_METHOD_MATCH = YES;
				"CODE_SIGN_IDENTITY[sdk=iphoneos*]" = "iPhone Developer";
				COPY_PHASE_STRIP = YES;
				CURRENT_PROJECT_VERSION = 1;
				ENABLE_NS_ASSERTIONS = NO;
				ENABLE_STRICT_OBJC_MSGSEND = YES;
				GCC_C_LANGUAGE_STANDARD = gnu99;
				GCC_NO_COMMON_BLOCKS = YES;
				GCC_WARN_64_TO_32_BIT_CONVERSION = YES;
				GCC_WARN_ABOUT_RETURN_TYPE = YES_ERROR;
				GCC_WARN_UNDECLARED_SELECTOR = YES;
				GCC_WARN_UNINITIALIZED_AUTOS = YES_AGGRESSIVE;
				GCC_WARN_UNUSED_FUNCTION = YES;
				GCC_WARN_UNUSED_VARIABLE = YES;
				IPHONEOS_DEPLOYMENT_TARGET = 8.0;
				MTL_ENABLE_DEBUG_INFO = NO;
				SDKROOT = iphoneos;
				SWIFT_OPTIMIZATION_LEVEL = "-Owholemodule";
				SWIFT_VERSION = 4.0;
				TARGETED_DEVICE_FAMILY = "1,2";
				VALIDATE_PRODUCT = YES;
				VERSIONING_SYSTEM = "apple-generic";
				VERSION_INFO_PREFIX = "";
			};
			name = Release;
		};
		B4DC1B031AA9CA5E00F67403 /* Debug */ = {
			isa = XCBuildConfiguration;
			buildSettings = {
				CLANG_ENABLE_MODULES = YES;
				"CODE_SIGN_IDENTITY[sdk=iphoneos*]" = "";
				DEFINES_MODULE = YES;
				DYLIB_COMPATIBILITY_VERSION = 1;
				DYLIB_CURRENT_VERSION = 1;
				DYLIB_INSTALL_NAME_BASE = "@rpath";
				INFOPLIST_FILE = Groot/Info.plist;
				INSTALL_PATH = "$(LOCAL_LIBRARY_DIR)/Frameworks";
				LD_RUNPATH_SEARCH_PATHS = "$(inherited) @executable_path/Frameworks @loader_path/Frameworks";
				PRODUCT_BUNDLE_IDENTIFIER = "com.gonzalezreal.$(PRODUCT_NAME:rfc1034identifier)";
				PRODUCT_NAME = "$(TARGET_NAME)";
				SKIP_INSTALL = YES;
				SWIFT_OPTIMIZATION_LEVEL = "-Onone";
				TARGETED_DEVICE_FAMILY = "1,2";
			};
			name = Debug;
		};
		B4DC1B041AA9CA5E00F67403 /* Release */ = {
			isa = XCBuildConfiguration;
			buildSettings = {
				CLANG_ENABLE_MODULES = YES;
				"CODE_SIGN_IDENTITY[sdk=iphoneos*]" = "";
				DEFINES_MODULE = YES;
				DYLIB_COMPATIBILITY_VERSION = 1;
				DYLIB_CURRENT_VERSION = 1;
				DYLIB_INSTALL_NAME_BASE = "@rpath";
				INFOPLIST_FILE = Groot/Info.plist;
				INSTALL_PATH = "$(LOCAL_LIBRARY_DIR)/Frameworks";
				LD_RUNPATH_SEARCH_PATHS = "$(inherited) @executable_path/Frameworks @loader_path/Frameworks";
				PRODUCT_BUNDLE_IDENTIFIER = "com.gonzalezreal.$(PRODUCT_NAME:rfc1034identifier)";
				PRODUCT_NAME = "$(TARGET_NAME)";
				SKIP_INSTALL = YES;
				TARGETED_DEVICE_FAMILY = "1,2";
			};
			name = Release;
		};
		B4DC1B061AA9CA5E00F67403 /* Debug */ = {
			isa = XCBuildConfiguration;
			buildSettings = {
				CLANG_ENABLE_MODULES = YES;
				GCC_PREPROCESSOR_DEFINITIONS = (
					"DEBUG=1",
					"$(inherited)",
				);
				INFOPLIST_FILE = GrootTests/Info.plist;
				LD_RUNPATH_SEARCH_PATHS = "$(inherited) @executable_path/Frameworks @loader_path/Frameworks";
				PRODUCT_BUNDLE_IDENTIFIER = "com.gonzalezreal.$(PRODUCT_NAME:rfc1034identifier)";
				PRODUCT_NAME = "$(TARGET_NAME)";
				SWIFT_OPTIMIZATION_LEVEL = "-Onone";
			};
			name = Debug;
		};
		B4DC1B071AA9CA5E00F67403 /* Release */ = {
			isa = XCBuildConfiguration;
			buildSettings = {
				CLANG_ENABLE_MODULES = YES;
				INFOPLIST_FILE = GrootTests/Info.plist;
				LD_RUNPATH_SEARCH_PATHS = "$(inherited) @executable_path/Frameworks @loader_path/Frameworks";
				PRODUCT_BUNDLE_IDENTIFIER = "com.gonzalezreal.$(PRODUCT_NAME:rfc1034identifier)";
				PRODUCT_NAME = "$(TARGET_NAME)";
			};
			name = Release;
		};
/* End XCBuildConfiguration section */

/* Begin XCConfigurationList section */
		B40873791B5AB6930063F150 /* Build configuration list for PBXNativeTarget "Groot-Mac" */ = {
			isa = XCConfigurationList;
			buildConfigurations = (
				B40873751B5AB6930063F150 /* Debug */,
				B40873761B5AB6930063F150 /* Release */,
			);
			defaultConfigurationIsVisible = 0;
			defaultConfigurationName = Release;
		};
		B408737A1B5AB6930063F150 /* Build configuration list for PBXNativeTarget "Groot-MacTests" */ = {
			isa = XCConfigurationList;
			buildConfigurations = (
				B40873771B5AB6930063F150 /* Debug */,
				B40873781B5AB6930063F150 /* Release */,
			);
			defaultConfigurationIsVisible = 0;
			defaultConfigurationName = Release;
		};
		B4DC1AE61AA9CA5E00F67403 /* Build configuration list for PBXProject "Groot" */ = {
			isa = XCConfigurationList;
			buildConfigurations = (
				B4DC1B001AA9CA5E00F67403 /* Debug */,
				B4DC1B011AA9CA5E00F67403 /* Release */,
			);
			defaultConfigurationIsVisible = 0;
			defaultConfigurationName = Release;
		};
		B4DC1B021AA9CA5E00F67403 /* Build configuration list for PBXNativeTarget "Groot" */ = {
			isa = XCConfigurationList;
			buildConfigurations = (
				B4DC1B031AA9CA5E00F67403 /* Debug */,
				B4DC1B041AA9CA5E00F67403 /* Release */,
			);
			defaultConfigurationIsVisible = 0;
			defaultConfigurationName = Release;
		};
		B4DC1B051AA9CA5E00F67403 /* Build configuration list for PBXNativeTarget "GrootTests" */ = {
			isa = XCConfigurationList;
			buildConfigurations = (
				B4DC1B061AA9CA5E00F67403 /* Debug */,
				B4DC1B071AA9CA5E00F67403 /* Release */,
			);
			defaultConfigurationIsVisible = 0;
			defaultConfigurationName = Release;
		};
/* End XCConfigurationList section */

/* Begin XCVersionGroup section */
		B4DC1B2D1AA9CBAD00F67403 /* Model.xcdatamodeld */ = {
			isa = XCVersionGroup;
			children = (
				B4DC1B2E1AA9CBAD00F67403 /* Model.xcdatamodel */,
			);
			currentVersion = B4DC1B2E1AA9CBAD00F67403 /* Model.xcdatamodel */;
			path = Model.xcdatamodeld;
			sourceTree = "<group>";
			versionGroupType = wrapper.xcdatamodel;
		};
/* End XCVersionGroup section */
	};
	rootObject = B4DC1AE31AA9CA5E00F67403 /* Project object */;
}
